
Microsoft Visual Studio Solution File, Format Version 12.00
Project("{FAE04EC0-301F-11D3-BF4B-00C04F79EFBC}") = "Tarefa4", "Tarefa4\Tarefa4.csproj", "{2B58AD6E-A391-41A6-AEFB-E126F17D06B0}"
EndProject
Global
	GlobalSection(SolutionConfigurationPlatforms) = preSolution
		Debug|Any CPU = Debug|Any CPU
		Release|Any CPU = Release|Any CPU
	EndGlobalSection
	GlobalSection(ProjectConfigurationPlatforms) = postSolution
		{2B58AD6E-A391-41A6-AEFB-E126F17D06B0}.Debug|Any CPU.ActiveCfg = Debug|Any CPU
		{2B58AD6E-A391-41A6-AEFB-E126F17D06B0}.Debug|Any CPU.Build.0 = Debug|Any CPU
		{2B58AD6E-A391-41A6-AEFB-E126F17D06B0}.Release|Any CPU.ActiveCfg = Release|Any CPU
		{2B58AD6E-A391-41A6-AEFB-E126F17D06B0}.Release|Any CPU.Build.0 = Release|Any CPU
	EndGlobalSection
EndGlobal
