
Microsoft Visual Studio Solution File, Format Version 12.00
Project("{FAE04EC0-301F-11D3-BF4B-00C04F79EFBC}") = "Tarefa1", "Tarefa1\Tarefa1.csproj", "{D845460A-448A-4079-811A-9515184F5077}"
EndProject
Global
	GlobalSection(SolutionConfigurationPlatforms) = preSolution
		Debug|Any CPU = Debug|Any CPU
		Release|Any CPU = Release|Any CPU
	EndGlobalSection
	GlobalSection(ProjectConfigurationPlatforms) = postSolution
		{D845460A-448A-4079-811A-9515184F5077}.Debug|Any CPU.ActiveCfg = Debug|Any CPU
		{D845460A-448A-4079-811A-9515184F5077}.Debug|Any CPU.Build.0 = Debug|Any CPU
		{D845460A-448A-4079-811A-9515184F5077}.Release|Any CPU.ActiveCfg = Release|Any CPU
		{D845460A-448A-4079-811A-9515184F5077}.Release|Any CPU.Build.0 = Release|Any CPU
	EndGlobalSection
EndGlobal
